
Microsoft Visual Studio Solution File, Format Version 12.00
# Visual Studio Version 17
VisualStudioVersion = 17.11.35327.3
MinimumVisualStudioVersion = 10.0.40219.1
Project("{F184B08F-C81C-45F6-A57F-5ABD9991F28F}") = "FlowChart2025A", "FlowChart2025A.vbproj", "{42CA1B63-B419-46B3-B71B-B291BB38520C}"
EndProject
Global
	GlobalSection(SolutionConfigurationPlatforms) = preSolution
		Debug|Any CPU = Debug|Any CPU
		Release|Any CPU = Release|Any CPU
	EndGlobalSection
	GlobalSection(ProjectConfigurationPlatforms) = postSolution
		{42CA1B63-B419-46B3-B71B-B291BB38520C}.Debug|Any CPU.ActiveCfg = Debug|Any CPU
		{42CA1B63-B419-46B3-B71B-B291BB38520C}.Debug|Any CPU.Build.0 = Debug|Any CPU
		{42CA1B63-B419-46B3-B71B-B291BB38520C}.Release|Any CPU.ActiveCfg = Release|Any CPU
		{42CA1B63-B419-46B3-B71B-B291BB38520C}.Release|Any CPU.Build.0 = Release|Any CPU
	EndGlobalSection
	GlobalSection(SolutionProperties) = preSolution
		HideSolutionNode = FALSE
	EndGlobalSection
	GlobalSection(ExtensibilityGlobals) = postSolution
		SolutionGuid = {5A51DC1B-6ABC-49F1-B14D-06275C7D0959}
	EndGlobalSection
EndGlobal
